
Microsoft Visual Studio Solution File, Format Version 12.00
# Visual Studio 15
VisualStudioVersion = 15.0.28307.572
MinimumVisualStudioVersion = 10.0.40219.1
Project("{FAE04EC0-301F-11D3-BF4B-00C04F79EFBC}") = "APIBasketApplication", "APIBasketApplication\APIBasketApplication.csproj", "{4398F6F4-CE12-4357-BE92-33A942C1C021}"
EndProject
Project("{FAE04EC0-301F-11D3-BF4B-00C04F79EFBC}") = "APIBasketApplication.Tests", "APIBasketApplication.Tests\APIBasketApplication.Tests.csproj", "{B5277733-A493-4E29-9D64-94F350578022}"
EndProject
Global
	GlobalSection(SolutionConfigurationPlatforms) = preSolution
		Debug|Any CPU = Debug|Any CPU
		Release|Any CPU = Release|Any CPU
	EndGlobalSection
	GlobalSection(ProjectConfigurationPlatforms) = postSolution
		{4398F6F4-CE12-4357-BE92-33A942C1C021}.Debug|Any CPU.ActiveCfg = Debug|Any CPU
		{4398F6F4-CE12-4357-BE92-33A942C1C021}.Debug|Any CPU.Build.0 = Debug|Any CPU
		{4398F6F4-CE12-4357-BE92-33A942C1C021}.Release|Any CPU.ActiveCfg = Release|Any CPU
		{4398F6F4-CE12-4357-BE92-33A942C1C021}.Release|Any CPU.Build.0 = Release|Any CPU
		{B5277733-A493-4E29-9D64-94F350578022}.Debug|Any CPU.ActiveCfg = Debug|Any CPU
		{B5277733-A493-4E29-9D64-94F350578022}.Debug|Any CPU.Build.0 = Debug|Any CPU
		{B5277733-A493-4E29-9D64-94F350578022}.Release|Any CPU.ActiveCfg = Release|Any CPU
		{B5277733-A493-4E29-9D64-94F350578022}.Release|Any CPU.Build.0 = Release|Any CPU
	EndGlobalSection
	GlobalSection(SolutionProperties) = preSolution
		HideSolutionNode = FALSE
	EndGlobalSection
	GlobalSection(ExtensibilityGlobals) = postSolution
		SolutionGuid = {7DE6781A-C949-48D8-A458-8865D0561E59}
	EndGlobalSection
EndGlobal
